
Microsoft Visual Studio Solution File, Format Version 12.00
# Visual Studio Version 16
VisualStudioVersion = 16.0.30225.117
MinimumVisualStudioVersion = 10.0.40219.1
Project("{FAE04EC0-301F-11D3-BF4B-00C04F79EFBC}") = "svet", "svet\svet.csproj", "{EA4937B0-3D43-4028-B9FD-C3E3F9B5D6F3}"
EndProject
Global
	GlobalSection(SolutionConfigurationPlatforms) = preSolution
		Debug|Any CPU = Debug|Any CPU
		Release|Any CPU = Release|Any CPU
	EndGlobalSection
	GlobalSection(ProjectConfigurationPlatforms) = postSolution
		{EA4937B0-3D43-4028-B9FD-C3E3F9B5D6F3}.Debug|Any CPU.ActiveCfg = Debug|Any CPU
		{EA4937B0-3D43-4028-B9FD-C3E3F9B5D6F3}.Debug|Any CPU.Build.0 = Debug|Any CPU
		{EA4937B0-3D43-4028-B9FD-C3E3F9B5D6F3}.Release|Any CPU.ActiveCfg = Release|Any CPU
		{EA4937B0-3D43-4028-B9FD-C3E3F9B5D6F3}.Release|Any CPU.Build.0 = Release|Any CPU
	EndGlobalSection
	GlobalSection(SolutionProperties) = preSolution
		HideSolutionNode = FALSE
	EndGlobalSection
	GlobalSection(ExtensibilityGlobals) = postSolution
		SolutionGuid = {F4AB4A9C-FAB6-4DC4-9A06-2AC3523F02D6}
	EndGlobalSection
EndGlobal
